Microsoft Visual Studio Solution File, Format Version 11.00
# Visual Studio 2008

Project("{A2366F15-BC96-CE2D-4C6D-C17CBB25F77A}") = "Sidescrolling Game", "Assembly-CSharp.csproj", "{612F00A8-E3CB-62E8-4551-9E368B2A2575}"
EndProject
Global
	GlobalSection(SolutionConfigurationPlatforms) = preSolution
		Debug|Any CPU = Debug|Any CPU
		Release|Any CPU = Release|Any CPU
	EndGlobalSection
	GlobalSection(ProjectConfigurationPlatforms) = postSolution
		{612F00A8-E3CB-62E8-4551-9E368B2A2575}.Debug|Any CPU.ActiveCfg = Debug|Any CPU
		{612F00A8-E3CB-62E8-4551-9E368B2A2575}.Debug|Any CPU.Build.0 = Debug|Any CPU
		{612F00A8-E3CB-62E8-4551-9E368B2A2575}.Release|Any CPU.ActiveCfg = Release|Any CPU
		{612F00A8-E3CB-62E8-4551-9E368B2A2575}.Release|Any CPU.Build.0 = Release|Any CPU
	EndGlobalSection
	GlobalSection(SolutionProperties) = preSolution
		HideSolutionNode = FALSE
	EndGlobalSection
	GlobalSection(MonoDevelopProperties) = preSolution
		StartupItem = Assembly-CSharp.csproj
	EndGlobalSection
EndGlobal
